
Microsoft Visual Studio Solution File, Format Version 12.00
# Visual Studio Version 17
VisualStudioVersion = 17.0.31903.59
MinimumVisualStudioVersion = 10.0.40219.1
Project("{2150E333-8FDC-42A3-9474-1A3956D46DE8}") = "src", "src", "{9A4EE82F-AB21-41FB-B4AA-0E396318D78E}"
EndProject
Project("{2150E333-8FDC-42A3-9474-1A3956D46DE8}") = "tests", "tests", "{38F41B42-1785-4467-916F-942CA443945C}"
EndProject
Project("{FAE04EC0-301F-11D3-BF4B-00C04F79EFBC}") = "TechDemo.Domain", "src\TechDemo.Domain\TechDemo.Domain.csproj", "{7F753255-94BC-4513-BC1F-3AE2F27EBAC9}"
EndProject
Project("{FAE04EC0-301F-11D3-BF4B-00C04F79EFBC}") = "TechDemo.Domain.Tests", "tests\TechDemo.Domain.Tests\TechDemo.Domain.Tests.csproj", "{989710DE-4079-4A47-886E-37AD0E8A7B64}"
EndProject
Project("{FAE04EC0-301F-11D3-BF4B-00C04F79EFBC}") = "TechDemo.Api", "src\TechDemo.Api\TechDemo.Api.csproj", "{770E3EA3-26B7-414B-A611-2FD249187D42}"
EndProject
Project("{FAE04EC0-301F-11D3-BF4B-00C04F79EFBC}") = "TechDemo.Contracts", "src\TechDemo.Contracts\TechDemo.Contracts.csproj", "{8C2EE8DE-F8B8-40F3-9059-F31DBA09DDD4}"
EndProject
Project("{FAE04EC0-301F-11D3-BF4B-00C04F79EFBC}") = "TechDemo.Application", "src\TechDemo.Application\TechDemo.Application.csproj", "{AB84386A-5658-45CF-A0B1-EB7B7DD566E5}"
EndProject
Project("{FAE04EC0-301F-11D3-BF4B-00C04F79EFBC}") = "TechDemo.Infrastructure", "src\TechDemo.Infrastructure\TechDemo.Infrastructure.csproj", "{B6360842-9798-421D-B2EE-383A7EB5D0A7}"
EndProject
Project("{FAE04EC0-301F-11D3-BF4B-00C04F79EFBC}") = "TechDemo.Application.Tests", "tests\TechDemo.Application.Tests\TechDemo.Application.Tests.csproj", "{132E4BB5-6471-4C38-8685-B0666CCC655A}"
EndProject
Project("{FAE04EC0-301F-11D3-BF4B-00C04F79EFBC}") = "TechDemo.Api.IntegrationTests", "tests\TechDemo.Api.IntegrationTests\TechDemo.Api.IntegrationTests.csproj", "{6F477705-03D4-4377-ACD8-E1CD344997B2}"
EndProject
Global
	GlobalSection(SolutionConfigurationPlatforms) = preSolution
		Debug|Any CPU = Debug|Any CPU
		Release|Any CPU = Release|Any CPU
	EndGlobalSection
	GlobalSection(ProjectConfigurationPlatforms) = postSolution
		{7F753255-94BC-4513-BC1F-3AE2F27EBAC9}.Debug|Any CPU.ActiveCfg = Debug|Any CPU
		{7F753255-94BC-4513-BC1F-3AE2F27EBAC9}.Debug|Any CPU.Build.0 = Debug|Any CPU
		{7F753255-94BC-4513-BC1F-3AE2F27EBAC9}.Release|Any CPU.ActiveCfg = Release|Any CPU
		{7F753255-94BC-4513-BC1F-3AE2F27EBAC9}.Release|Any CPU.Build.0 = Release|Any CPU
		{989710DE-4079-4A47-886E-37AD0E8A7B64}.Debug|Any CPU.ActiveCfg = Debug|Any CPU
		{989710DE-4079-4A47-886E-37AD0E8A7B64}.Debug|Any CPU.Build.0 = Debug|Any CPU
		{989710DE-4079-4A47-886E-37AD0E8A7B64}.Release|Any CPU.ActiveCfg = Release|Any CPU
		{989710DE-4079-4A47-886E-37AD0E8A7B64}.Release|Any CPU.Build.0 = Release|Any CPU
		{770E3EA3-26B7-414B-A611-2FD249187D42}.Debug|Any CPU.ActiveCfg = Debug|Any CPU
		{770E3EA3-26B7-414B-A611-2FD249187D42}.Debug|Any CPU.Build.0 = Debug|Any CPU
		{770E3EA3-26B7-414B-A611-2FD249187D42}.Release|Any CPU.ActiveCfg = Release|Any CPU
		{770E3EA3-26B7-414B-A611-2FD249187D42}.Release|Any CPU.Build.0 = Release|Any CPU
		{8C2EE8DE-F8B8-40F3-9059-F31DBA09DDD4}.Debug|Any CPU.ActiveCfg = Debug|Any CPU
		{8C2EE8DE-F8B8-40F3-9059-F31DBA09DDD4}.Debug|Any CPU.Build.0 = Debug|Any CPU
		{8C2EE8DE-F8B8-40F3-9059-F31DBA09DDD4}.Release|Any CPU.ActiveCfg = Release|Any CPU
		{8C2EE8DE-F8B8-40F3-9059-F31DBA09DDD4}.Release|Any CPU.Build.0 = Release|Any CPU
		{AB84386A-5658-45CF-A0B1-EB7B7DD566E5}.Debug|Any CPU.ActiveCfg = Debug|Any CPU
		{AB84386A-5658-45CF-A0B1-EB7B7DD566E5}.Debug|Any CPU.Build.0 = Debug|Any CPU
		{AB84386A-5658-45CF-A0B1-EB7B7DD566E5}.Release|Any CPU.ActiveCfg = Release|Any CPU
		{AB84386A-5658-45CF-A0B1-EB7B7DD566E5}.Release|Any CPU.Build.0 = Release|Any CPU
		{B6360842-9798-421D-B2EE-383A7EB5D0A7}.Debug|Any CPU.ActiveCfg = Debug|Any CPU
		{B6360842-9798-421D-B2EE-383A7EB5D0A7}.Debug|Any CPU.Build.0 = Debug|Any CPU
		{B6360842-9798-421D-B2EE-383A7EB5D0A7}.Release|Any CPU.ActiveCfg = Release|Any CPU
		{B6360842-9798-421D-B2EE-383A7EB5D0A7}.Release|Any CPU.Build.0 = Release|Any CPU
		{132E4BB5-6471-4C38-8685-B0666CCC655A}.Debug|Any CPU.ActiveCfg = Debug|Any CPU
		{132E4BB5-6471-4C38-8685-B0666CCC655A}.Debug|Any CPU.Build.0 = Debug|Any CPU
		{132E4BB5-6471-4C38-8685-B0666CCC655A}.Release|Any CPU.ActiveCfg = Release|Any CPU
		{132E4BB5-6471-4C38-8685-B0666CCC655A}.Release|Any CPU.Build.0 = Release|Any CPU
		{6F477705-03D4-4377-ACD8-E1CD344997B2}.Debug|Any CPU.ActiveCfg = Debug|Any CPU
		{6F477705-03D4-4377-ACD8-E1CD344997B2}.Debug|Any CPU.Build.0 = Debug|Any CPU
		{6F477705-03D4-4377-ACD8-E1CD344997B2}.Release|Any CPU.ActiveCfg = Release|Any CPU
		{6F477705-03D4-4377-ACD8-E1CD344997B2}.Release|Any CPU.Build.0 = Release|Any CPU
	EndGlobalSection
	GlobalSection(SolutionProperties) = preSolution
		HideSolutionNode = FALSE
	EndGlobalSection
	GlobalSection(NestedProjects) = preSolution
		{7F753255-94BC-4513-BC1F-3AE2F27EBAC9} = {9A4EE82F-AB21-41FB-B4AA-0E396318D78E}
		{989710DE-4079-4A47-886E-37AD0E8A7B64} = {38F41B42-1785-4467-916F-942CA443945C}
		{770E3EA3-26B7-414B-A611-2FD249187D42} = {9A4EE82F-AB21-41FB-B4AA-0E396318D78E}
		{8C2EE8DE-F8B8-40F3-9059-F31DBA09DDD4} = {9A4EE82F-AB21-41FB-B4AA-0E396318D78E}
		{AB84386A-5658-45CF-A0B1-EB7B7DD566E5} = {9A4EE82F-AB21-41FB-B4AA-0E396318D78E}
		{B6360842-9798-421D-B2EE-383A7EB5D0A7} = {9A4EE82F-AB21-41FB-B4AA-0E396318D78E}
		{132E4BB5-6471-4C38-8685-B0666CCC655A} = {38F41B42-1785-4467-916F-942CA443945C}
		{6F477705-03D4-4377-ACD8-E1CD344997B2} = {38F41B42-1785-4467-916F-942CA443945C}
	EndGlobalSection
EndGlobal
